{
  "version": "2",
  "remote": {
    "https://deno.land/std@0.134.0/_deno_unstable.ts": "23a1a36928f1b6d3b0170aaa67de09af12aa998525f608ff7331b9fb364cbde6",
    "https://deno.land/std@0.134.0/_util/assert.ts": "e94f2eb37cebd7f199952e242c77654e43333c1ac4c5c700e929ea3aa5489f74",
    "https://deno.land/std@0.134.0/_util/os.ts": "49b92edea1e82ba295ec946de8ffd956ed123e2948d9bd1d3e901b04e4307617",
    "https://deno.land/std@0.134.0/collections/_utils.ts": "fd759867be7a0047a1fa89ec89f7b58ebe3f2f7f089a8f4e416eb30c5d764868",
    "https://deno.land/std@0.134.0/collections/deep_merge.ts": "19a37ef5a149688f9d9281f94545e2159424bacf47b67eb7ad8099b7f732ac48",
    "https://deno.land/std@0.134.0/flags/mod.ts": "9bd361fd5487f5e06cae4e0b5237a83c2908202f4a76944ba1312029f6c11b95",
    "https://deno.land/std@0.134.0/fs/_util.ts": "0fb24eb4bfebc2c194fb1afdb42b9c3dda12e368f43e8f2321f84fc77d42cb0f",
    "https://deno.land/std@0.134.0/fs/copy.ts": "9248d1492599957af8c693ceb10a432b09f0b0b61c60a4d6aff29b0c7d3a17b3",
    "https://deno.land/std@0.134.0/fs/empty_dir.ts": "7274d87160de34cbed0531e284df383045cf43543bbeadeb97feac598bd8f3c5",
    "https://deno.land/std@0.134.0/fs/ensure_dir.ts": "9dc109c27df4098b9fc12d949612ae5c9c7169507660dcf9ad90631833209d9d",
    "https://deno.land/std@0.134.0/fs/ensure_file.ts": "7d353e64fee3d4d1e7c6b6726a2a5e987ba402c15fb49566309042887349c545",
    "https://deno.land/std@0.134.0/fs/ensure_link.ts": "489e23df9fe3e6636048b5830ddf0f111eb29621eb85719255ad9bd645f3471b",
    "https://deno.land/std@0.134.0/fs/ensure_symlink.ts": "88dc83de1bc90ed883dd458c2d2eae3d5834a4617d12925734836e1f0803b274",
    "https://deno.land/std@0.134.0/fs/eol.ts": "b92f0b88036de507e7e6fbedbe8f666835ea9dcbf5ac85917fa1fadc919f83a5",
    "https://deno.land/std@0.134.0/fs/exists.ts": "cb734d872f8554ea40b8bff77ad33d4143c1187eac621a55bf37781a43c56f6d",
    "https://deno.land/std@0.134.0/fs/expand_glob.ts": "0c10130d67c9b02164b03df8e43c6d6defbf8e395cb69d09e84a8586e6d72ac3",
    "https://deno.land/std@0.134.0/fs/mod.ts": "4dc052c461c171abb5c25f6e0f218ab838a716230930b534ba351745864b7d6d",
    "https://deno.land/std@0.134.0/fs/move.ts": "0573cedcf583f09a9494f2dfccbf67de68a93629942d6b5e6e74a9e45d4e8a2e",
    "https://deno.land/std@0.134.0/fs/walk.ts": "117403ccd21fd322febe56ba06053b1ad5064c802170f19b1ea43214088fe95f",
    "https://deno.land/std@0.134.0/path/_constants.ts": "df1db3ffa6dd6d1252cc9617e5d72165cd2483df90e93833e13580687b6083c3",
    "https://deno.land/std@0.134.0/path/_interface.ts": "ee3b431a336b80cf445441109d089b70d87d5e248f4f90ff906820889ecf8d09",
    "https://deno.land/std@0.134.0/path/_util.ts": "c1e9686d0164e29f7d880b2158971d805b6e0efc3110d0b3e24e4b8af2190d2b",
    "https://deno.land/std@0.134.0/path/common.ts": "bee563630abd2d97f99d83c96c2fa0cca7cee103e8cb4e7699ec4d5db7bd2633",
    "https://deno.land/std@0.134.0/path/glob.ts": "cb5255638de1048973c3e69e420c77dc04f75755524cb3b2e160fe9277d939ee",
    "https://deno.land/std@0.134.0/path/mod.ts": "4275129bb766f0e475ecc5246aa35689eeade419d72a48355203f31802640be7",
    "https://deno.land/std@0.134.0/path/posix.ts": "663e4a6fe30a145f56aa41a22d95114c4c5582d8b57d2d7c9ed27ad2c47636bb",
    "https://deno.land/std@0.134.0/path/separator.ts": "fe1816cb765a8068afb3e8f13ad272351c85cbc739af56dacfc7d93d710fe0f9",
    "https://deno.land/std@0.134.0/path/win32.ts": "e7bdf63e8d9982b4d8a01ef5689425c93310ece950e517476e22af10f41a136e",
    "https://deno.land/std@0.138.0/_util/assert.ts": "e94f2eb37cebd7f199952e242c77654e43333c1ac4c5c700e929ea3aa5489f74",
    "https://deno.land/std@0.138.0/flags/mod.ts": "019df8a63ed24df2d10be22e8983aa9253623e871228a2f8f328ff2d0404f7ef",
    "https://deno.land/std@0.149.0/_util/assert.ts": "e94f2eb37cebd7f199952e242c77654e43333c1ac4c5c700e929ea3aa5489f74",
    "https://deno.land/std@0.149.0/encoding/jsonc.ts": "11ad83eaae80e94ecd26190af950e90ca147b9f39838a059da804b591a803b11",
    "https://deno.land/x/deno_slack_api@1.4.0/api-proxy.ts": "20cf2ec33071e0b7a319a3fb9c8f8440a891f71bc780097e9000f66bbeaa7ab5",
    "https://deno.land/x/deno_slack_api@1.4.0/base-client.ts": "67d340fe227e6a5762b6c516d90eab6bd2d73e44fa9f54318fbbff08b4c3ca69",
    "https://deno.land/x/deno_slack_api@1.4.0/generated/method-types/admin.ts": "3564a56c3b24ca9e983e6c9e23e27916f975387ad29c820ac5264861b035fa37",
    "https://deno.land/x/deno_slack_api@1.4.0/generated/method-types/api.ts": "b6e55651d5361c8014456ce7298577e24cc7f0e5b5778db7aa39b4bc52f6be6e",
    "https://deno.land/x/deno_slack_api@1.4.0/generated/method-types/apps.ts": "71a560384acc883de891499dd915209ed8fd99326649f649884c53c5f3fa7d8b",
    "https://deno.land/x/deno_slack_api@1.4.0/generated/method-types/auth.ts": "cdea87a7830ba10e0a764b9109e478ab6165d23a5ca74a865d7b4977c2e1b9a9",
    "https://deno.land/x/deno_slack_api@1.4.0/generated/method-types/bookmarks.ts": "1aad44f0727a7eaa0280ab6a27a663a8a70c978ba634ac00bff762f081cd81bc",
    "https://deno.land/x/deno_slack_api@1.4.0/generated/method-types/bots.ts": "0e2699db5370df05cae2346ea007f608935125bc4a606862362b5f058f6bab48",
    "https://deno.land/x/deno_slack_api@1.4.0/generated/method-types/calls.ts": "3eb2999441efe068abd5e68442d314db26258c5279b2ce678cc2b59187679417",
    "https://deno.land/x/deno_slack_api@1.4.0/generated/method-types/chat.ts": "696f7cb7cc3973a18778a0145e6682a6b93f9671d6f471dafe12dce7574d123d",
    "https://deno.land/x/deno_slack_api@1.4.0/generated/method-types/conversations.ts": "04a058fd888e6eab360601c4878b49c32d626839bea791f9647d04558025b5e6",
    "https://deno.land/x/deno_slack_api@1.4.0/generated/method-types/dialog.ts": "875b2b8d127917a66b6e724d1de748657f18740c144e9a86c9a6ccbb555fe6cf",
    "https://deno.land/x/deno_slack_api@1.4.0/generated/method-types/dnd.ts": "745eb9579e9411bd293becd9afbc2e9081023e11326630b958eefecb3205ccc3",
    "https://deno.land/x/deno_slack_api@1.4.0/generated/method-types/emoji.ts": "564f752d28daac5843be7a43476a3c5aae23ce638532fe2522ab4159e3d7ab3a",
    "https://deno.land/x/deno_slack_api@1.4.0/generated/method-types/enterprise.ts": "5fa4016840d30c72e0f2581878f6a950f4cac006f82c956d12ed9898b61dabd0",
    "https://deno.land/x/deno_slack_api@1.4.0/generated/method-types/files.ts": "ee55b623452d87f370c2149bdcc903880115858a67786fc7ea55a2fe3a04c817",
    "https://deno.land/x/deno_slack_api@1.4.0/generated/method-types/migration.ts": "330a286b193af03481051f7404e6c6bdc5a9878208440219914cd648f27b7ab8",
    "https://deno.land/x/deno_slack_api@1.4.0/generated/method-types/mod.ts": "b056fe92ae54fc5dbd8a56e3eabb915d0a0f118a15058ce53a6cb2cf6f7652d6",
    "https://deno.land/x/deno_slack_api@1.4.0/generated/method-types/oauth.ts": "a46048f7e2776798ecb57ab7b5d56c254b211030cb11a79d2354a90f3687473f",
    "https://deno.land/x/deno_slack_api@1.4.0/generated/method-types/openid.ts": "4fa53dff20dd1ab9fa824829ad6319c1432aef8fcdd87279bc75d44a5132f4d3",
    "https://deno.land/x/deno_slack_api@1.4.0/generated/method-types/pins.ts": "f5aaa7c8228fcd7d75d947c3b71c95c7c92eba473fd82ed457a42d30a2e7b93b",
    "https://deno.land/x/deno_slack_api@1.4.0/generated/method-types/reactions.ts": "4440795f4b6a05729bcccbdf409c885969e944104c3d5f92de03f4d2283c1aac",
    "https://deno.land/x/deno_slack_api@1.4.0/generated/method-types/reminders.ts": "b563c146e274fe13057033048efb13a1886b6e61a0bf44fb159a42fc7ff77fe1",
    "https://deno.land/x/deno_slack_api@1.4.0/generated/method-types/rtm.ts": "9235c6a110e1f05b136b8dbc0d4de5e122ebc45420d8a2c586462b84b26886b9",
    "https://deno.land/x/deno_slack_api@1.4.0/generated/method-types/search.ts": "f5a7544ec45c1676acc77407616b2d8d8d3e1a511a3e4ffda93555f0c9ae5893",
    "https://deno.land/x/deno_slack_api@1.4.0/generated/method-types/stars.ts": "c91f4154e907ea92fffd0e4834d1c9b0a919d23e89d6fe90d9f69b3f226b4b9f",
    "https://deno.land/x/deno_slack_api@1.4.0/generated/method-types/team.ts": "c81f51688d1ddbf02686232cdf84b53f46551875544924dcbced60531ac6b035",
    "https://deno.land/x/deno_slack_api@1.4.0/generated/method-types/tooling.ts": "ec30c6fd91d05afb915d5851dae4bb4a742db1d40ed5fcc71a400d6deb2264b6",
    "https://deno.land/x/deno_slack_api@1.4.0/generated/method-types/usergroups.ts": "56e1c2827230443d27ee585d5c5629dd7024730c399969d0b70fa3bd8d64c1c6",
    "https://deno.land/x/deno_slack_api@1.4.0/generated/method-types/users.ts": "a1914f5e1a75363b645ee576168276aac79e59c6938bb5494ddd097bb83947a2",
    "https://deno.land/x/deno_slack_api@1.4.0/generated/method-types/views.ts": "12ed9848a217b3ca83dd1378414c62a305711c7937635aed2bcc8af8838bcd75",
    "https://deno.land/x/deno_slack_api@1.4.0/generated/method-types/workflows.ts": "92a3a8f8bc6a7c121d4a7435eadc02e42a5d8a308709fdfddc5ae3c4fe373045",
    "https://deno.land/x/deno_slack_api@1.4.0/mod.ts": "2c5c95a5b6cccb3b1e090b2cf7905a7fc435da28e7b60e0bed51b405ba810511",
    "https://deno.land/x/deno_slack_api@1.4.0/type-helpers.ts": "0b60b05f32096c8e1df045864cdca7bdb58acc68716076cf218dfe09a2677066",
    "https://deno.land/x/deno_slack_api@1.4.0/typed-method-types/apps.ts": "8208b1c8e07c3c4d2044e5cc6b0c2ec305aa38a1e6e07c094b694ebf1645e580",
    "https://deno.land/x/deno_slack_api@1.4.0/typed-method-types/chat.ts": "102ffc03b2119afd94a3b181c37e29a39a707c39cb953bdfa784bd854bdfbe52",
    "https://deno.land/x/deno_slack_api@1.4.0/typed-method-types/functions.ts": "ef359a596a548546b8d3be25ef6bedec65ecb53f35ffaf2c6d04c031b12c7ac5",
    "https://deno.land/x/deno_slack_api@1.4.0/typed-method-types/mod.ts": "7a22e9c9bc2bd1092be9b0ec709413e2a2ad6f39500889d436dd53a1584b31e8",
    "https://deno.land/x/deno_slack_api@1.4.0/typed-method-types/workflows/mod.ts": "be33a1bd8a4df3bf58ca404d2ed7ed2df95abd989b14c14782861c37f8200925",
    "https://deno.land/x/deno_slack_api@1.4.0/typed-method-types/workflows/triggers/base_response.ts": "f1a77f2c163dcbb3ac2414acddc72be6dfa24d5f1e3623423752ad45a8c97572",
    "https://deno.land/x/deno_slack_api@1.4.0/typed-method-types/workflows/triggers/event.ts": "f9c9b35a60d27f5ff1c88b594f9ec7be4623dd160f69fddf61c2289866703a58",
    "https://deno.land/x/deno_slack_api@1.4.0/typed-method-types/workflows/triggers/inputs.ts": "8c944044b695bd6f47193d64803db3ad9752c1d76af94d9dfb8d8d06ed409438",
    "https://deno.land/x/deno_slack_api@1.4.0/typed-method-types/workflows/triggers/mod.ts": "68efbd7f2e4ebea92ae3b1194a9c2d496332252a0eaa408c76d5b81458bd321a",
    "https://deno.land/x/deno_slack_api@1.4.0/typed-method-types/workflows/triggers/scheduled.ts": "a1f5731657835f6dd5e9daaa6d9ed553e99a01847a077a118f78b2964395ba2b",
    "https://deno.land/x/deno_slack_api@1.4.0/typed-method-types/workflows/triggers/shortcut.ts": "062a7bc4806b24a673c10ee55310f41275511871e077a8019633c9647cba0672",
    "https://deno.land/x/deno_slack_api@1.4.0/typed-method-types/workflows/triggers/trigger-event-types.ts": "547465948def9c174e2ad87ca012ae512100a1c9d2bfb8895350a248046977b5",
    "https://deno.land/x/deno_slack_api@1.4.0/typed-method-types/workflows/triggers/trigger-filter.ts": "db0583587e893b9dd4e30e1e413c5b177ac032c9053510bcdbd3d099b23130b6",
    "https://deno.land/x/deno_slack_api@1.4.0/typed-method-types/workflows/triggers/webhook.ts": "371ba34093db206d9048151a44195e2ca2af2f4e6a8f220411cb018d493cd96b",
    "https://deno.land/x/deno_slack_api@1.4.0/types.ts": "b28078c056dd7edfc92a2f8512a7e81313ea97d794e325acc0782be9daa46dbc",
    "https://deno.land/x/deno_slack_builder@0.1.0/deps.ts": "ebb520f231469d7e30a24989176b682edb9472b3b61ee5d5f31bba838b6867d7",
    "https://deno.land/x/deno_slack_builder@0.1.0/functions.ts": "7222950fd1aabe3d0eb871984a843f08517448e53ad7766576dea17cec0e48d8",
    "https://deno.land/x/deno_slack_builder@0.1.0/manifest.ts": "ccd69860785a4e3893771bf63f32c875cae499117c63e6e2d0645f4f45e891d3",
    "https://deno.land/x/deno_slack_builder@0.1.0/mod.ts": "5f3c28e7c9f5d5f43840a812c4771c5639b2cbc00b6ae08cdae3d29a4dd2973a",
    "https://deno.land/x/deno_slack_builder@0.1.0/types.ts": "e0f78f177266609b57fffa96c4aa020a4d3b0ea7fe5db53aaea5cadad1bc3b22",
    "https://deno.land/x/deno_slack_hooks@0.7.0/check_update.ts": "b004c93d833d06dede04878e0d40abb0adc990835b45c81beae15a960ddfe6e5",
    "https://deno.land/x/deno_slack_hooks@0.7.0/deps.ts": "d0a974ef9ff7d3a62d795eda3af7cb6e3d63d639d2bc2871a5361d051b492dc0",
    "https://deno.land/x/deno_slack_hooks@0.7.0/flags.ts": "5c161c7669a942175d650d787bcc6148579c56edbe85dc0112d49b4697999b06",
    "https://deno.land/x/deno_slack_hooks@0.7.0/install_update.ts": "2858689c3fdfcb84749c900db4c49adb33d2a4c38c2846c6d59fa824c79dfb45",
    "https://deno.land/x/deno_slack_hooks@0.7.0/libraries.ts": "3f93d99de7cf90b901f8c74cc4781a4018ec816ea9448c0fd369016bc477ff5b",
    "https://deno.land/x/deno_slack_hooks@0.7.0/mod.ts": "3a3cffb524faeb7ae5763b71fda4094f5074476aff2aac8314500a244e78116c",
    "https://deno.land/x/deno_slack_hooks@0.7.0/utilities.ts": "582bec87cb3498c25af47d17122be0d23da5215374be46edc2e3037d7288da0b",
    "https://deno.land/x/deno_slack_hooks@0.7.0/version.ts": "ac07c49887059358e99021ea2a0957e675501853e7ab29c7a67f6d37da8d37c6",
    "https://deno.land/x/deno_slack_hooks@0.8.0/deps.ts": "d0a974ef9ff7d3a62d795eda3af7cb6e3d63d639d2bc2871a5361d051b492dc0",
    "https://deno.land/x/deno_slack_hooks@0.8.0/get_trigger.ts": "f694334be56626f0b5e4a8273904450446fc435f9eb55e57e233eacf483c3a14",
    "https://deno.land/x/deno_slack_sdk@1.4.2/datastore/mod.ts": "addad9485f39490a925821c0532114124f0f2ef2c5ec6ac0dbd09b6a0ca29ece",
    "https://deno.land/x/deno_slack_sdk@1.4.2/datastore/types.ts": "a1b399e7b12dab3318d8c027579d0de56289c4b8be2e55819f6ebad86541cb9d",
    "https://deno.land/x/deno_slack_sdk@1.4.2/deps.ts": "72a7a12fce908dd5dfd4d763efc49127832ad48f4c4d43c0c6cfa7fa3756d218",
    "https://deno.land/x/deno_slack_sdk@1.4.2/events/mod.ts": "20d19365e9c46f1d75fe21e3a1810fb224499fa1dc4a52ecc82a7bf8fd7b42e9",
    "https://deno.land/x/deno_slack_sdk@1.4.2/events/types.ts": "1e60361c9507d0cdf93be3276b6f50bf3af358a7392a2a2409ca0fd7a9ff201b",
    "https://deno.land/x/deno_slack_sdk@1.4.2/functions/enrich-context.ts": "d021e199f01bbd581c552fce3e4bede8996934fe44656e44503c0c47f26a70a2",
    "https://deno.land/x/deno_slack_sdk@1.4.2/functions/interactivity/block_actions_router.ts": "19ca2c4efca9b48105c6fae63d4b7b491b6d12fcdf053067a66ee7d5cbda7632",
    "https://deno.land/x/deno_slack_sdk@1.4.2/functions/interactivity/block_actions_types.ts": "26cda68660b428a4f352d01cac0be43217ce87f4aa9e9dd0a5396448d892058c",
    "https://deno.land/x/deno_slack_sdk@1.4.2/functions/interactivity/block_kit_types.ts": "0039f07e0d995320209464fcd8378b65c25f70882b64601db1fb5abc2dd22f66",
    "https://deno.land/x/deno_slack_sdk@1.4.2/functions/interactivity/block_suggestion_router.ts": "c6066bd80cbb5417c292343f0574d66b107e0d1ae495faacc7ca92186c14c0b0",
    "https://deno.land/x/deno_slack_sdk@1.4.2/functions/interactivity/block_suggestion_types.ts": "c00cf24d95457db49a09c3984ee1455177cb9c8170b85867fe0e5ce72dbd2bdb",
    "https://deno.land/x/deno_slack_sdk@1.4.2/functions/interactivity/matchers.ts": "909233f044fa65c67eb85eebf6c0a2961d2ae6fbb12a86348208c9b15dfa331c",
    "https://deno.land/x/deno_slack_sdk@1.4.2/functions/interactivity/mod.ts": "5604798760bc73e105268719c9c569bb3037a82710e694d4761827506d5f5d6a",
    "https://deno.land/x/deno_slack_sdk@1.4.2/functions/interactivity/types.ts": "2962307d59f47b17091d0b82254bee0522782a283a4ff4f63e0a1db58fa4a85d",
    "https://deno.land/x/deno_slack_sdk@1.4.2/functions/interactivity/view_router.ts": "5b06913ab51a06260542c604209504ff54774cd9414e315e2b5d413f34f56f78",
    "https://deno.land/x/deno_slack_sdk@1.4.2/functions/interactivity/view_types.ts": "ffa06220dc2d3e544c51cc3c19f56a0827379e9e86e5f82c0afdd31a76e42055",
    "https://deno.land/x/deno_slack_sdk@1.4.2/functions/mod.ts": "f432e1706b2176ac0b4fe85d0b7260f946d9b5442a0f68b2ec8a08d4ea8d92fe",
    "https://deno.land/x/deno_slack_sdk@1.4.2/functions/slack-function.ts": "e7ba8552376b740dd3854b86a57355b222734d014975b031410280c322bb21c6",
    "https://deno.land/x/deno_slack_sdk@1.4.2/functions/tester/mod.ts": "e0ac2be7e09e40ece1d00705a32e73b501b30e02f5db59ce3dfbdf242a2b6714",
    "https://deno.land/x/deno_slack_sdk@1.4.2/functions/tester/types.ts": "e8b6fda6e844d5d9e379bcb0f80bc44e61139d114b2b4a4104f6807c7db396ac",
    "https://deno.land/x/deno_slack_sdk@1.4.2/functions/types.ts": "68ed6c4fca3eb1384bb5643edbce0c7b5ef3d1ea780bae57c7a476ad884f4453",
    "https://deno.land/x/deno_slack_sdk@1.4.2/functions/unhandled-event-error.ts": "2b5405ef45cc6ea512863d570461a5b26383a9f3857070d4001b6e819958ff58",
    "https://deno.land/x/deno_slack_sdk@1.4.2/manifest/manifest_schema.ts": "cf159658985a53213cf879c28a40b8fe53a387376e1b1741a382e0c303a8a7be",
    "https://deno.land/x/deno_slack_sdk@1.4.2/manifest/mod.ts": "c4c8b2d764cb0e09c09ac9e12f775cca912848232056d26aa695245092e3ce70",
    "https://deno.land/x/deno_slack_sdk@1.4.2/manifest/types.ts": "e7dfcdc555553805ecca7c9c0f0d3028344cc36c1172ee1cb5720693339d5722",
    "https://deno.land/x/deno_slack_sdk@1.4.2/manifest/types_util.ts": "bfa92f42a4fbe7ec611a3bfb6e105271dca37aacf9fd261518830739392d2400",
    "https://deno.land/x/deno_slack_sdk@1.4.2/mod.ts": "20a8d5974410dbc03da9119036d4516c7138db5953132a3780bdb72ab6776065",
    "https://deno.land/x/deno_slack_sdk@1.4.2/parameters/mod.ts": "f6cc197ddb55306f0b31bad2822131f1e4bab8a950bc8011e003a523da5e56cb",
    "https://deno.land/x/deno_slack_sdk@1.4.2/parameters/param.ts": "c3aaf417889807748bd48f362dac0779a799e73bcf0ef60ea6a9218f0af4ffa7",
    "https://deno.land/x/deno_slack_sdk@1.4.2/parameters/types.ts": "bb1ebeed3c0393f6517dd05aa87c0d18da3f71a63845aaf28788d2199558e29d",
    "https://deno.land/x/deno_slack_sdk@1.4.2/parameters/with-untyped-object-proxy.ts": "3f4a95b9329e203b1cf5719aeb088d9079a4e049c86ec8d1f1cc679337beafd4",
    "https://deno.land/x/deno_slack_sdk@1.4.2/providers/oauth2/mod.ts": "1f0b4b22a70c61a24b80148e18a3f69cbadd50e90e289c0279077ffec9b5812d",
    "https://deno.land/x/deno_slack_sdk@1.4.2/providers/oauth2/types.ts": "b0decfe98203e220274881fdcea3c33a36285ee2e563d6402bf110806c87aa24",
    "https://deno.land/x/deno_slack_sdk@1.4.2/schema/mod.ts": "d787340679febcd2c7e347add9b9d6bb0e9e9f77dbf8fc3275c789ad16a5b676",
    "https://deno.land/x/deno_slack_sdk@1.4.2/schema/providers/mod.ts": "956fb122f6644ec922190b8a9bab305b7729cc403e5a89e85a10a5349366db04",
    "https://deno.land/x/deno_slack_sdk@1.4.2/schema/providers/oauth2/mod.ts": "0e345db222d41e786ec057f03693f2d497a694278886939282312d77e0a3cbe6",
    "https://deno.land/x/deno_slack_sdk@1.4.2/schema/providers/oauth2/types.ts": "354e1958ecdaf1b30ee689c8508ba3f2f84151421ce1001ec5e20337334c1214",
    "https://deno.land/x/deno_slack_sdk@1.4.2/schema/schema_types.ts": "36a9d4d17d6335a0a3e68b4344a528e3ca7db09bc2ff0923332ee61fddb42530",
    "https://deno.land/x/deno_slack_sdk@1.4.2/schema/slack/functions/add_pin.ts": "09214571822718037ae865844b1a8eec35f62c1ca438d6b7fe2a54dd9c98a2e2",
    "https://deno.land/x/deno_slack_sdk@1.4.2/schema/slack/functions/add_user_to_usergroup.ts": "a93f33b835a1795769ad843f901431abc03bfdf3719c38d36b8a23c86c3982f1",
    "https://deno.land/x/deno_slack_sdk@1.4.2/schema/slack/functions/archive_channel.ts": "81d90c2c86c1c3592f4e94cb90701cee8335b72f579b64b16a320a95d6a194f0",
    "https://deno.land/x/deno_slack_sdk@1.4.2/schema/slack/functions/create_channel.ts": "0c1b62db5f2174bf8fb0da748d80ef6f3a182b1e74dabf825fac3e97243baa02",
    "https://deno.land/x/deno_slack_sdk@1.4.2/schema/slack/functions/create_usergroup.ts": "b91ac62da2a081286fce66f1a29f57ffa3424a14e4f2dd6690f8e5cfd7f7bccf",
    "https://deno.land/x/deno_slack_sdk@1.4.2/schema/slack/functions/delay.ts": "df4d1d84224a902fd15b964d5c99fd171d1df487da3a3ee1903907cf937f9bb8",
    "https://deno.land/x/deno_slack_sdk@1.4.2/schema/slack/functions/invite_user_to_channel.ts": "0e4a8adcc59ade6be57d003f7266474ca4a35eec8cbf4016c502f940e776e8a2",
    "https://deno.land/x/deno_slack_sdk@1.4.2/schema/slack/functions/mod.ts": "2aeb1f0dca9411588432ea0b130e45a33ce7ed2ade4ddc769f64072991a1776f",
    "https://deno.land/x/deno_slack_sdk@1.4.2/schema/slack/functions/open_form.ts": "d2e835aa674b2d92506c7bcfe8fe7234db104ebf8b7e4b85bc85dcbd8d6b722a",
    "https://deno.land/x/deno_slack_sdk@1.4.2/schema/slack/functions/remove_user_from_usergroup.ts": "510cfd8be66ab9151da1ba4f47038fe8d584e7cd2aec9f33fedab99dbd548b67",
    "https://deno.land/x/deno_slack_sdk@1.4.2/schema/slack/functions/send_dm.ts": "ddc8f07f876e201109b2806663d66c0fa4222f8edf986116a551772cffaa811f",
    "https://deno.land/x/deno_slack_sdk@1.4.2/schema/slack/functions/send_ephemeral_message.ts": "66db63c6d9772595d36d432b6ce56d55675cd0067e68ffa992128d0bb4968f6b",
    "https://deno.land/x/deno_slack_sdk@1.4.2/schema/slack/functions/send_message.ts": "3dedcf5625968016fc3853ae00ee7afad01847e5043c87c66765b21f8d538664",
    "https://deno.land/x/deno_slack_sdk@1.4.2/schema/slack/functions/update_channel_topic.ts": "0280589fcabe66bc1240ddb403b41fad1c84af07005d217fde97a2b31de810fc",
    "https://deno.land/x/deno_slack_sdk@1.4.2/schema/slack/mod.ts": "1156376a4f574163fdf2f55c40bfad7fd94890b260ecd2fe3172d90be1acc4b4",
    "https://deno.land/x/deno_slack_sdk@1.4.2/schema/slack/schema_types.ts": "bc7f1dd20b771f20e41b130f8a365e2d478616e0d13a0d9b5213d7f8735f5b6a",
    "https://deno.land/x/deno_slack_sdk@1.4.2/schema/slack/types/custom/form_input.ts": "869f3abb079b61aa31c18e64601cfc4b67a4a6727bee8afecc5ea3bd6709fb8a",
    "https://deno.land/x/deno_slack_sdk@1.4.2/schema/slack/types/custom/interactivity.ts": "9ed371f89e3e37407503eb9e7d915b0bb5c3c80a97195bf4bb607a095dbea945",
    "https://deno.land/x/deno_slack_sdk@1.4.2/schema/slack/types/custom/mod.ts": "7c0e7cbeecd2586bda763a1922ef98f98967b00184f6f688e2b318c9ebed0f9c",
    "https://deno.land/x/deno_slack_sdk@1.4.2/schema/slack/types/custom/user_context.ts": "2cd67a8f4481e7506ee2a331162db9f0cda57db2647d51cf276b65f3aa6da04a",
    "https://deno.land/x/deno_slack_sdk@1.4.2/schema/slack/types/mod.ts": "0ed3792580294f5df0e19fd9946d6a4f5a7e00ad54b5f827ee3a057198078252",
    "https://deno.land/x/deno_slack_sdk@1.4.2/types.ts": "9ad9b5102f1c84a8e0226fb83f10f44269cb74281af07562bd7cec7ec54d512f",
    "https://deno.land/x/deno_slack_sdk@1.4.2/types/mod.ts": "65c0d2bb3ea7980f0f4e9f8362792b6a022a02845db499971660002fafbaf8e3",
    "https://deno.land/x/deno_slack_sdk@1.4.2/types/types.ts": "0a98697da9daf6adc5750abb7c551b809702298167bfd09d4905daf3bddd7584",
    "https://deno.land/x/deno_slack_sdk@1.4.2/workflows/mod.ts": "2c44ad92311754a9a9003f3ad104470db045b0a461d5432562a5937e307b6cd1",
    "https://deno.land/x/deno_slack_sdk@1.4.2/workflows/types.ts": "47f36e9909f7c8e16527422e32b2f5fe307aa4f170e9bac14032de3560d412e9",
    "https://deno.land/x/deno_slack_sdk@1.4.2/workflows/workflow-step.ts": "c25061231f3b9381f025e48665ba1680f5e52638b70736a7ce5842b19db0724e"
  }
}
